{
  "object": {
    "pins": [
      {
        "package": "TreeSitter",
        "repositoryURL": "https://github.com/tree-sitter/tree-sitter",
        "state": {
          "branch": null,
          "revision": "b40f342067a89cd6331bf4c27407588320f3c263",
          "version": "0.22.6"
        }
      }
    ]
  },
  "version": 1
}
