{
  "object": {
    "pins": [
      {
        "package": "TreeSitter",
        "repositoryURL": "https://github.com/tree-sitter/tree-sitter",
        "state": {
          "branch": null,
          "revision": "12fb31826b8469cc7b9788e72bceee5af1cf0977",
          "version": "0.23.0"
        }
      }
    ]
  },
  "version": 1
}
