{
  "object": {
    "pins": [
      {
        "package": "TreeSitter",
        "repositoryURL": "https://github.com/tree-sitter/tree-sitter",
        "state": {
          "branch": null,
          "revision": "78c41e3cedb1906b5dd7cbe82ca41cee30f440b1",
          "version": "0.23.1"
        }
      }
    ]
  },
  "version": 1
}
