// !$*UTF8*$!
{
	archiveVersion = 1;
	classes = {
	};
	objectVersion = 55;
	objects = {

/* Begin PBXBuildFile section */
		7216EAC82829A3C6001B6D39 /* RunestoneJavaScriptLanguage in Frameworks */ = {isa = PBXBuildFile; productRef = 7216EAC72829A3C6001B6D39 /* RunestoneJavaScriptLanguage */; };
		72190768291818BD0054847B /* ChineseInputTests.swift in Sources */ = {isa = PBXBuildFile; fileRef = 72190767291818BD0054847B /* ChineseInputTests.swift */; };
		7244DB2C290BFDEA007C99B5 /* KoreanInputTests.swift in Sources */ = {isa = PBXBuildFile; fileRef = 7244DB2B290BFDEA007C99B5 /* KoreanInputTests.swift */; };
		729ECE472983E82A0049AFF5 /* ProcessInfo+Helpers.swift in Sources */ = {isa = PBXBuildFile; fileRef = 729ECE462983E82A0049AFF5 /* ProcessInfo+Helpers.swift */; };
		72AC54812826B2A90037ED21 /* Runestone in Frameworks */ = {isa = PBXBuildFile; productRef = 72AC54802826B2A90037ED21 /* Runestone */; };
		72D2718429126FC60070FA88 /* XCUIApplication+Helpers.swift in Sources */ = {isa = PBXBuildFile; fileRef = 72D2718329126FC60070FA88 /* XCUIApplication+Helpers.swift */; };
		AC480601279EE0180015F712 /* BasicCharacterPair.swift in Sources */ = {isa = PBXBuildFile; fileRef = AC480600279EE0180015F712 /* BasicCharacterPair.swift */; };
		ACFDF4B127983BAA00059A1B /* AppDelegate.swift in Sources */ = {isa = PBXBuildFile; fileRef = ACFDF4B027983BAA00059A1B /* AppDelegate.swift */; };
		ACFDF4B327983BAA00059A1B /* SceneDelegate.swift in Sources */ = {isa = PBXBuildFile; fileRef = ACFDF4B227983BAA00059A1B /* SceneDelegate.swift */; };
		ACFDF4B527983BAA00059A1B /* MainViewController.swift in Sources */ = {isa = PBXBuildFile; fileRef = ACFDF4B427983BAA00059A1B /* MainViewController.swift */; };
		ACFDF4BA27983BAB00059A1B /* Assets.xcassets in Resources */ = {isa = PBXBuildFile; fileRef = ACFDF4B927983BAB00059A1B /* Assets.xcassets */; };
		ACFDF4BD27983BAB00059A1B /* LaunchScreen.storyboard in Resources */ = {isa = PBXBuildFile; fileRef = ACFDF4BB27983BAB00059A1B /* LaunchScreen.storyboard */; };
		ACFDF4C527983C2700059A1B /* MainView.swift in Sources */ = {isa = PBXBuildFile; fileRef = ACFDF4C427983C2700059A1B /* MainView.swift */; };
/* End PBXBuildFile section */

/* Begin PBXContainerItemProxy section */
		7244DB2F290BFDEA007C99B5 /* PBXContainerItemProxy */ = {
			isa = PBXContainerItemProxy;
			containerPortal = ACFDF4A527983BAA00059A1B /* Project object */;
			proxyType = 1;
			remoteGlobalIDString = ACFDF4AC27983BAA00059A1B;
			remoteInfo = Example;
		};
/* End PBXContainerItemProxy section */

/* Begin PBXFileReference section */
		72190767291818BD0054847B /* ChineseInputTests.swift */ = {isa = PBXFileReference; fileEncoding = 4; lastKnownFileType = sourcecode.swift; path = ChineseInputTests.swift; sourceTree = "<group>"; };
		72414C092983E749001EF494 /* Host.entitlements */ = {isa = PBXFileReference; fileEncoding = 4; lastKnownFileType = text.plist.entitlements; path = Host.entitlements; sourceTree = "<group>"; };
		72414C0A2983E749001EF494 /* Host.xctestplan */ = {isa = PBXFileReference; fileEncoding = 4; lastKnownFileType = text; path = Host.xctestplan; sourceTree = "<group>"; };
		7244DB29290BFDEA007C99B5 /* HostUITests.xctest */ = {isa = PBXFileReference; explicitFileType = wrapper.cfbundle; includeInIndex = 0; path = HostUITests.xctest; sourceTree = BUILT_PRODUCTS_DIR; };
		7244DB2B290BFDEA007C99B5 /* KoreanInputTests.swift */ = {isa = PBXFileReference; lastKnownFileType = sourcecode.swift; path = KoreanInputTests.swift; sourceTree = "<group>"; };
		729ECE462983E82A0049AFF5 /* ProcessInfo+Helpers.swift */ = {isa = PBXFileReference; fileEncoding = 4; lastKnownFileType = sourcecode.swift; path = "ProcessInfo+Helpers.swift"; sourceTree = "<group>"; };
		72AC54762826B1F00037ED21 /* Languages */ = {isa = PBXFileReference; lastKnownFileType = wrapper; path = Languages; sourceTree = "<group>"; };
		72AC54772826B23D0037ED21 /* Runestone */ = {isa = PBXFileReference; lastKnownFileType = wrapper; name = Runestone; path = ..; sourceTree = "<group>"; };
		72D2718329126FC60070FA88 /* XCUIApplication+Helpers.swift */ = {isa = PBXFileReference; lastKnownFileType = sourcecode.swift; path = "XCUIApplication+Helpers.swift"; sourceTree = "<group>"; };
		AC480600279EE0180015F712 /* BasicCharacterPair.swift */ = {isa = PBXFileReference; lastKnownFileType = sourcecode.swift; path = BasicCharacterPair.swift; sourceTree = "<group>"; };
		ACFDF4AD27983BAA00059A1B /* Host.app */ = {isa = PBXFileReference; explicitFileType = wrapper.application; includeInIndex = 0; path = Host.app; sourceTree = BUILT_PRODUCTS_DIR; };
		ACFDF4B027983BAA00059A1B /* AppDelegate.swift */ = {isa = PBXFileReference; lastKnownFileType = sourcecode.swift; path = AppDelegate.swift; sourceTree = "<group>"; };
		ACFDF4B227983BAA00059A1B /* SceneDelegate.swift */ = {isa = PBXFileReference; lastKnownFileType = sourcecode.swift; path = SceneDelegate.swift; sourceTree = "<group>"; };
		ACFDF4B427983BAA00059A1B /* MainViewController.swift */ = {isa = PBXFileReference; lastKnownFileType = sourcecode.swift; path = MainViewController.swift; sourceTree = "<group>"; };
		ACFDF4B927983BAB00059A1B /* Assets.xcassets */ = {isa = PBXFileReference; lastKnownFileType = folder.assetcatalog; path = Assets.xcassets; sourceTree = "<group>"; };
		ACFDF4BC27983BAB00059A1B /* Base */ = {isa = PBXFileReference; lastKnownFileType = file.storyboard; name = Base; path = Base.lproj/LaunchScreen.storyboard; sourceTree = "<group>"; };
		ACFDF4BE27983BAB00059A1B /* Info.plist */ = {isa = PBXFileReference; lastKnownFileType = text.plist.xml; path = Info.plist; sourceTree = "<group>"; };
		ACFDF4C427983C2700059A1B /* MainView.swift */ = {isa = PBXFileReference; lastKnownFileType = sourcecode.swift; path = MainView.swift; sourceTree = "<group>"; };
/* End PBXFileReference section */

/* Begin PBXFrameworksBuildPhase section */
		7244DB26290BFDEA007C99B5 /* Frameworks */ = {
			isa = PBXFrameworksBuildPhase;
			buildActionMask = 2147483647;
			files = (
			);
			runOnlyForDeploymentPostprocessing = 0;
		};
		ACFDF4AA27983BAA00059A1B /* Frameworks */ = {
			isa = PBXFrameworksBuildPhase;
			buildActionMask = 2147483647;
			files = (
				72AC54812826B2A90037ED21 /* Runestone in Frameworks */,
				7216EAC82829A3C6001B6D39 /* RunestoneJavaScriptLanguage in Frameworks */,
			);
			runOnlyForDeploymentPostprocessing = 0;
		};
/* End PBXFrameworksBuildPhase section */

/* Begin PBXGroup section */
		7244DB2A290BFDEA007C99B5 /* HostUITests */ = {
			isa = PBXGroup;
			children = (
				72190767291818BD0054847B /* ChineseInputTests.swift */,
				7244DB2B290BFDEA007C99B5 /* KoreanInputTests.swift */,
				72D2718329126FC60070FA88 /* XCUIApplication+Helpers.swift */,
			);
			path = HostUITests;
			sourceTree = "<group>";
		};
		72AC54722826B0E40037ED21 /* Packages */ = {
			isa = PBXGroup;
			children = (
				72AC54762826B1F00037ED21 /* Languages */,
				72AC54772826B23D0037ED21 /* Runestone */,
			);
			name = Packages;
			sourceTree = "<group>";
		};
		AC832D582798C72A00EC6832 /* Sources */ = {
			isa = PBXGroup;
			children = (
				ACFDF4B027983BAA00059A1B /* AppDelegate.swift */,
				ACFDF4B227983BAA00059A1B /* SceneDelegate.swift */,
				ACFDF4C427983C2700059A1B /* MainView.swift */,
				ACFDF4B427983BAA00059A1B /* MainViewController.swift */,
				729ECE462983E82A0049AFF5 /* ProcessInfo+Helpers.swift */,
				AC480600279EE0180015F712 /* BasicCharacterPair.swift */,
			);
			path = Sources;
			sourceTree = "<group>";
		};
		ACFDF4A427983BAA00059A1B = {
			isa = PBXGroup;
			children = (
				72AC54722826B0E40037ED21 /* Packages */,
				ACFDF4AF27983BAA00059A1B /* Host */,
				7244DB2A290BFDEA007C99B5 /* HostUITests */,
				ACFDF4AE27983BAA00059A1B /* Products */,
				ACFDF4C827983DA900059A1B /* Frameworks */,
			);
			sourceTree = "<group>";
		};
		ACFDF4AE27983BAA00059A1B /* Products */ = {
			isa = PBXGroup;
			children = (
				ACFDF4AD27983BAA00059A1B /* Host.app */,
				7244DB29290BFDEA007C99B5 /* HostUITests.xctest */,
			);
			name = Products;
			sourceTree = "<group>";
		};
		ACFDF4AF27983BAA00059A1B /* Host */ = {
			isa = PBXGroup;
			children = (
				72414C092983E749001EF494 /* Host.entitlements */,
				72414C0A2983E749001EF494 /* Host.xctestplan */,
				ACFDF4BE27983BAB00059A1B /* Info.plist */,
				ACFDF4B927983BAB00059A1B /* Assets.xcassets */,
				ACFDF4BB27983BAB00059A1B /* LaunchScreen.storyboard */,
				AC832D582798C72A00EC6832 /* Sources */,
			);
			path = Host;
			sourceTree = "<group>";
		};
		ACFDF4C827983DA900059A1B /* Frameworks */ = {
			isa = PBXGroup;
			children = (
			);
			name = Frameworks;
			sourceTree = "<group>";
		};
/* End PBXGroup section */

/* Begin PBXNativeTarget section */
		7244DB28290BFDEA007C99B5 /* HostUITests */ = {
			isa = PBXNativeTarget;
			buildConfigurationList = 7244DB33290BFDEA007C99B5 /* Build configuration list for PBXNativeTarget "HostUITests" */;
			buildPhases = (
				7244DB25290BFDEA007C99B5 /* Sources */,
				7244DB26290BFDEA007C99B5 /* Frameworks */,
				7244DB27290BFDEA007C99B5 /* Resources */,
			);
			buildRules = (
			);
			dependencies = (
				7244DB30290BFDEA007C99B5 /* PBXTargetDependency */,
			);
			name = HostUITests;
			productName = ExampleUITests;
			productReference = 7244DB29290BFDEA007C99B5 /* HostUITests.xctest */;
			productType = "com.apple.product-type.bundle.ui-testing";
		};
		ACFDF4AC27983BAA00059A1B /* Host */ = {
			isa = PBXNativeTarget;
			buildConfigurationList = ACFDF4C127983BAB00059A1B /* Build configuration list for PBXNativeTarget "Host" */;
			buildPhases = (
				ACFDF4A927983BAA00059A1B /* Sources */,
				ACFDF4AA27983BAA00059A1B /* Frameworks */,
				ACFDF4AB27983BAA00059A1B /* Resources */,
				ACFDF4CD27983DE500059A1B /* SwiftLint */,
			);
			buildRules = (
			);
			dependencies = (
			);
			name = Host;
			packageProductDependencies = (
				72AC54802826B2A90037ED21 /* Runestone */,
				7216EAC72829A3C6001B6D39 /* RunestoneJavaScriptLanguage */,
			);
			productName = Example;
			productReference = ACFDF4AD27983BAA00059A1B /* Host.app */;
			productType = "com.apple.product-type.application";
		};
/* End PBXNativeTarget section */

/* Begin PBXProject section */
		ACFDF4A527983BAA00059A1B /* Project object */ = {
			isa = PBXProject;
			attributes = {
				BuildIndependentTargetsInParallel = 1;
				LastSwiftUpdateCheck = 1410;
				LastUpgradeCheck = 1320;
				TargetAttributes = {
					7244DB28290BFDEA007C99B5 = {
						CreatedOnToolsVersion = 14.1;
						TestTargetID = ACFDF4AC27983BAA00059A1B;
					};
					ACFDF4AC27983BAA00059A1B = {
						CreatedOnToolsVersion = 13.2;
					};
				};
			};
			buildConfigurationList = ACFDF4A827983BAA00059A1B /* Build configuration list for PBXProject "UITests" */;
			compatibilityVersion = "Xcode 13.0";
			developmentRegion = en;
			hasScannedForEncodings = 0;
			knownRegions = (
				en,
				Base,
			);
			mainGroup = ACFDF4A427983BAA00059A1B;
			packageReferences = (
			);
			productRefGroup = ACFDF4AE27983BAA00059A1B /* Products */;
			projectDirPath = "";
			projectRoot = "";
			targets = (
				ACFDF4AC27983BAA00059A1B /* Host */,
				7244DB28290BFDEA007C99B5 /* HostUITests */,
			);
		};
/* End PBXProject section */

/* Begin PBXResourcesBuildPhase section */
		7244DB27290BFDEA007C99B5 /* Resources */ = {
			isa = PBXResourcesBuildPhase;
			buildActionMask = 2147483647;
			files = (
			);
			runOnlyForDeploymentPostprocessing = 0;
		};
		ACFDF4AB27983BAA00059A1B /* Resources */ = {
			isa = PBXResourcesBuildPhase;
			buildActionMask = 2147483647;
			files = (
				ACFDF4BD27983BAB00059A1B /* LaunchScreen.storyboard in Resources */,
				ACFDF4BA27983BAB00059A1B /* Assets.xcassets in Resources */,
			);
			runOnlyForDeploymentPostprocessing = 0;
		};
/* End PBXResourcesBuildPhase section */

/* Begin PBXShellScriptBuildPhase section */
		ACFDF4CD27983DE500059A1B /* SwiftLint */ = {
			isa = PBXShellScriptBuildPhase;
			alwaysOutOfDate = 1;
			buildActionMask = 2147483647;
			files = (
			);
			inputFileListPaths = (
			);
			inputPaths = (
			);
			name = SwiftLint;
			outputFileListPaths = (
			);
			outputPaths = (
			);
			runOnlyForDeploymentPostprocessing = 0;
			shellPath = /bin/sh;
			shellScript = "export PATH=\"$PATH:/opt/homebrew/bin\"\nif which swiftlint > /dev/null; then\n  swiftlint lint --config ../.swiftlint.yml\nelse\n  echo \"warning: SwiftLint not installed, download from https://github.com/realm/SwiftLint\"\nfi\n";
		};
/* End PBXShellScriptBuildPhase section */

/* Begin PBXSourcesBuildPhase section */
		7244DB25290BFDEA007C99B5 /* Sources */ = {
			isa = PBXSourcesBuildPhase;
			buildActionMask = 2147483647;
			files = (
				7244DB2C290BFDEA007C99B5 /* KoreanInputTests.swift in Sources */,
				72D2718429126FC60070FA88 /* XCUIApplication+Helpers.swift in Sources */,
				72190768291818BD0054847B /* ChineseInputTests.swift in Sources */,
			);
			runOnlyForDeploymentPostprocessing = 0;
		};
		ACFDF4A927983BAA00059A1B /* Sources */ = {
			isa = PBXSourcesBuildPhase;
			buildActionMask = 2147483647;
			files = (
				ACFDF4B527983BAA00059A1B /* MainViewController.swift in Sources */,
				729ECE472983E82A0049AFF5 /* ProcessInfo+Helpers.swift in Sources */,
				ACFDF4C527983C2700059A1B /* MainView.swift in Sources */,
				ACFDF4B127983BAA00059A1B /* AppDelegate.swift in Sources */,
				ACFDF4B327983BAA00059A1B /* SceneDelegate.swift in Sources */,
				AC480601279EE0180015F712 /* BasicCharacterPair.swift in Sources */,
			);
			runOnlyForDeploymentPostprocessing = 0;
		};
/* End PBXSourcesBuildPhase section */

/* Begin PBXTargetDependency section */
		7244DB30290BFDEA007C99B5 /* PBXTargetDependency */ = {
			isa = PBXTargetDependency;
			target = ACFDF4AC27983BAA00059A1B /* Host */;
			targetProxy = 7244DB2F290BFDEA007C99B5 /* PBXContainerItemProxy */;
		};
/* End PBXTargetDependency section */

/* Begin PBXVariantGroup section */
		ACFDF4BB27983BAB00059A1B /* LaunchScreen.storyboard */ = {
			isa = PBXVariantGroup;
			children = (
				ACFDF4BC27983BAB00059A1B /* Base */,
			);
			name = LaunchScreen.storyboard;
			sourceTree = "<group>";
		};
/* End PBXVariantGroup section */

/* Begin XCBuildConfiguration section */
		7244DB31290BFDEA007C99B5 /* Debug */ = {
			isa = XCBuildConfiguration;
			buildSettings = {
				CLANG_CXX_LANGUAGE_STANDARD = "gnu++20";
				CODE_SIGN_STYLE = Automatic;
				CURRENT_PROJECT_VERSION = 1;
				DEVELOPMENT_TEAM = 8NQFWJHC63;
				GENERATE_INFOPLIST_FILE = YES;
				IPHONEOS_DEPLOYMENT_TARGET = 15.2;
				MARKETING_VERSION = 1.0;
				PRODUCT_BUNDLE_IDENTIFIER = dk.simonbs.RunestoneUITests;
				PRODUCT_NAME = "$(TARGET_NAME)";
				SWIFT_EMIT_LOC_STRINGS = NO;
				SWIFT_VERSION = 5.0;
				TARGETED_DEVICE_FAMILY = "1,2";
				TEST_TARGET_NAME = Host;
			};
			name = Debug;
		};
		7244DB32290BFDEA007C99B5 /* Release */ = {
			isa = XCBuildConfiguration;
			buildSettings = {
				CLANG_CXX_LANGUAGE_STANDARD = "gnu++20";
				CODE_SIGN_STYLE = Automatic;
				CURRENT_PROJECT_VERSION = 1;
				DEVELOPMENT_TEAM = 8NQFWJHC63;
				GENERATE_INFOPLIST_FILE = YES;
				IPHONEOS_DEPLOYMENT_TARGET = 15.2;
				MARKETING_VERSION = 1.0;
				PRODUCT_BUNDLE_IDENTIFIER = dk.simonbs.RunestoneUITests;
				PRODUCT_NAME = "$(TARGET_NAME)";
				SWIFT_EMIT_LOC_STRINGS = NO;
				SWIFT_VERSION = 5.0;
				TARGETED_DEVICE_FAMILY = "1,2";
				TEST_TARGET_NAME = Host;
			};
			name = Release;
		};
		ACFDF4BF27983BAB00059A1B /* Debug */ = {
			isa = XCBuildConfiguration;
			buildSettings = {
				ALWAYS_SEARCH_USER_PATHS = NO;
				CLANG_ANALYZER_NONNULL = YES;
				CLANG_ANALYZER_NUMBER_OBJECT_CONVERSION = YES_AGGRESSIVE;
				CLANG_CXX_LANGUAGE_STANDARD = "gnu++17";
				CLANG_CXX_LIBRARY = "libc++";
				CLANG_ENABLE_MODULES = YES;
				CLANG_ENABLE_OBJC_ARC = YES;
				CLANG_ENABLE_OBJC_WEAK = YES;
				CLANG_WARN_BLOCK_CAPTURE_AUTORELEASING = YES;
				CLANG_WARN_BOOL_CONVERSION = YES;
				CLANG_WARN_COMMA = YES;
				CLANG_WARN_CONSTANT_CONVERSION = YES;
				CLANG_WARN_DEPRECATED_OBJC_IMPLEMENTATIONS = YES;
				CLANG_WARN_DIRECT_OBJC_ISA_USAGE = YES_ERROR;
				CLANG_WARN_DOCUMENTATION_COMMENTS = YES;
				CLANG_WARN_EMPTY_BODY = YES;
				CLANG_WARN_ENUM_CONVERSION = YES;
				CLANG_WARN_INFINITE_RECURSION = YES;
				CLANG_WARN_INT_CONVERSION = YES;
				CLANG_WARN_NON_LITERAL_NULL_CONVERSION = YES;
				CLANG_WARN_OBJC_IMPLICIT_RETAIN_SELF = YES;
				CLANG_WARN_OBJC_LITERAL_CONVERSION = YES;
				CLANG_WARN_OBJC_ROOT_CLASS = YES_ERROR;
				CLANG_WARN_QUOTED_INCLUDE_IN_FRAMEWORK_HEADER = YES;
				CLANG_WARN_RANGE_LOOP_ANALYSIS = YES;
				CLANG_WARN_STRICT_PROTOTYPES = YES;
				CLANG_WARN_SUSPICIOUS_MOVE = YES;
				CLANG_WARN_UNGUARDED_AVAILABILITY = YES_AGGRESSIVE;
				CLANG_WARN_UNREACHABLE_CODE = YES;
				CLANG_WARN__DUPLICATE_METHOD_MATCH = YES;
				COPY_PHASE_STRIP = NO;
				DEBUG_INFORMATION_FORMAT = dwarf;
				ENABLE_STRICT_OBJC_MSGSEND = YES;
				ENABLE_TESTABILITY = YES;
				GCC_C_LANGUAGE_STANDARD = gnu11;
				GCC_DYNAMIC_NO_PIC = NO;
				GCC_NO_COMMON_BLOCKS = YES;
				GCC_OPTIMIZATION_LEVEL = 0;
				GCC_PREPROCESSOR_DEFINITIONS = (
					"DEBUG=1",
					"$(inherited)",
				);
				GCC_WARN_64_TO_32_BIT_CONVERSION = YES;
				GCC_WARN_ABOUT_RETURN_TYPE = YES_ERROR;
				GCC_WARN_UNDECLARED_SELECTOR = YES;
				GCC_WARN_UNINITIALIZED_AUTOS = YES_AGGRESSIVE;
				GCC_WARN_UNUSED_FUNCTION = YES;
				GCC_WARN_UNUSED_VARIABLE = YES;
				IPHONEOS_DEPLOYMENT_TARGET = 15.2;
				MTL_ENABLE_DEBUG_INFO = INCLUDE_SOURCE;
				MTL_FAST_MATH = YES;
				ONLY_ACTIVE_ARCH = YES;
				SDKROOT = iphoneos;
				SWIFT_ACTIVE_COMPILATION_CONDITIONS = DEBUG;
				SWIFT_OPTIMIZATION_LEVEL = "-Onone";
			};
			name = Debug;
		};
		ACFDF4C027983BAB00059A1B /* Release */ = {
			isa = XCBuildConfiguration;
			buildSettings = {
				ALWAYS_SEARCH_USER_PATHS = NO;
				CLANG_ANALYZER_NONNULL = YES;
				CLANG_ANALYZER_NUMBER_OBJECT_CONVERSION = YES_AGGRESSIVE;
				CLANG_CXX_LANGUAGE_STANDARD = "gnu++17";
				CLANG_CXX_LIBRARY = "libc++";
				CLANG_ENABLE_MODULES = YES;
				CLANG_ENABLE_OBJC_ARC = YES;
				CLANG_ENABLE_OBJC_WEAK = YES;
				CLANG_WARN_BLOCK_CAPTURE_AUTORELEASING = YES;
				CLANG_WARN_BOOL_CONVERSION = YES;
				CLANG_WARN_COMMA = YES;
				CLANG_WARN_CONSTANT_CONVERSION = YES;
				CLANG_WARN_DEPRECATED_OBJC_IMPLEMENTATIONS = YES;
				CLANG_WARN_DIRECT_OBJC_ISA_USAGE = YES_ERROR;
				CLANG_WARN_DOCUMENTATION_COMMENTS = YES;
				CLANG_WARN_EMPTY_BODY = YES;
				CLANG_WARN_ENUM_CONVERSION = YES;
				CLANG_WARN_INFINITE_RECURSION = YES;
				CLANG_WARN_INT_CONVERSION = YES;
				CLANG_WARN_NON_LITERAL_NULL_CONVERSION = YES;
				CLANG_WARN_OBJC_IMPLICIT_RETAIN_SELF = YES;
				CLANG_WARN_OBJC_LITERAL_CONVERSION = YES;
				CLANG_WARN_OBJC_ROOT_CLASS = YES_ERROR;
				CLANG_WARN_QUOTED_INCLUDE_IN_FRAMEWORK_HEADER = YES;
				CLANG_WARN_RANGE_LOOP_ANALYSIS = YES;
				CLANG_WARN_STRICT_PROTOTYPES = YES;
				CLANG_WARN_SUSPICIOUS_MOVE = YES;
				CLANG_WARN_UNGUARDED_AVAILABILITY = YES_AGGRESSIVE;
				CLANG_WARN_UNREACHABLE_CODE = YES;
				CLANG_WARN__DUPLICATE_METHOD_MATCH = YES;
				COPY_PHASE_STRIP = NO;
				DEBUG_INFORMATION_FORMAT = "dwarf-with-dsym";
				ENABLE_NS_ASSERTIONS = NO;
				ENABLE_STRICT_OBJC_MSGSEND = YES;
				GCC_C_LANGUAGE_STANDARD = gnu11;
				GCC_NO_COMMON_BLOCKS = YES;
				GCC_WARN_64_TO_32_BIT_CONVERSION = YES;
				GCC_WARN_ABOUT_RETURN_TYPE = YES_ERROR;
				GCC_WARN_UNDECLARED_SELECTOR = YES;
				GCC_WARN_UNINITIALIZED_AUTOS = YES_AGGRESSIVE;
				GCC_WARN_UNUSED_FUNCTION = YES;
				GCC_WARN_UNUSED_VARIABLE = YES;
				IPHONEOS_DEPLOYMENT_TARGET = 15.2;
				MTL_ENABLE_DEBUG_INFO = NO;
				MTL_FAST_MATH = YES;
				SDKROOT = iphoneos;
				SWIFT_COMPILATION_MODE = wholemodule;
				SWIFT_OPTIMIZATION_LEVEL = "-O";
				VALIDATE_PRODUCT = YES;
			};
			name = Release;
		};
		ACFDF4C227983BAB00059A1B /* Debug */ = {
			isa = XCBuildConfiguration;
			buildSettings = {
				ASSETCATALOG_COMPILER_APPICON_NAME = AppIcon;
				ASSETCATALOG_COMPILER_GLOBAL_ACCENT_COLOR_NAME = AccentColor;
				CODE_SIGN_ENTITLEMENTS = Host/Host.entitlements;
				CODE_SIGN_STYLE = Automatic;
				CURRENT_PROJECT_VERSION = 1;
				DEVELOPMENT_TEAM = 8NQFWJHC63;
				GENERATE_INFOPLIST_FILE = YES;
				INFOPLIST_FILE = Host/Info.plist;
				INFOPLIST_KEY_UIApplicationSupportsIndirectInputEvents = YES;
				INFOPLIST_KEY_UILaunchStoryboardName = LaunchScreen;
				INFOPLIST_KEY_UISupportedInterfaceOrientations_iPad = "UIInterfaceOrientationPortrait UIInterfaceOrientationPortraitUpsideDown UIInterfaceOrientationLandscapeLeft UIInterfaceOrientationLandscapeRight";
				INFOPLIST_KEY_UISupportedInterfaceOrientations_iPhone = "UIInterfaceOrientationPortrait UIInterfaceOrientationLandscapeLeft UIInterfaceOrientationLandscapeRight";
				LD_RUNPATH_SEARCH_PATHS = (
					"$(inherited)",
					"@executable_path/Frameworks",
				);
				MARKETING_VERSION = 1.0;
				PRODUCT_BUNDLE_IDENTIFIER = dk.simonbs.RunestoneHost;
				PRODUCT_NAME = "$(TARGET_NAME)";
				SUPPORTS_MACCATALYST = YES;
				SUPPORTS_MAC_DESIGNED_FOR_IPHONE_IPAD = NO;
				SWIFT_EMIT_LOC_STRINGS = YES;
				SWIFT_VERSION = 5.0;
				TARGETED_DEVICE_FAMILY = "1,2,6";
			};
			name = Debug;
		};
		ACFDF4C327983BAB00059A1B /* Release */ = {
			isa = XCBuildConfiguration;
			buildSettings = {
				ASSETCATALOG_COMPILER_APPICON_NAME = AppIcon;
				ASSETCATALOG_COMPILER_GLOBAL_ACCENT_COLOR_NAME = AccentColor;
				CODE_SIGN_ENTITLEMENTS = Host/Host.entitlements;
				CODE_SIGN_STYLE = Automatic;
				CURRENT_PROJECT_VERSION = 1;
				DEVELOPMENT_TEAM = 8NQFWJHC63;
				GENERATE_INFOPLIST_FILE = YES;
				INFOPLIST_FILE = Host/Info.plist;
				INFOPLIST_KEY_UIApplicationSupportsIndirectInputEvents = YES;
				INFOPLIST_KEY_UILaunchStoryboardName = LaunchScreen;
				INFOPLIST_KEY_UISupportedInterfaceOrientations_iPad = "UIInterfaceOrientationPortrait UIInterfaceOrientationPortraitUpsideDown UIInterfaceOrientationLandscapeLeft UIInterfaceOrientationLandscapeRight";
				INFOPLIST_KEY_UISupportedInterfaceOrientations_iPhone = "UIInterfaceOrientationPortrait UIInterfaceOrientationLandscapeLeft UIInterfaceOrientationLandscapeRight";
				LD_RUNPATH_SEARCH_PATHS = (
					"$(inherited)",
					"@executable_path/Frameworks",
				);
				MARKETING_VERSION = 1.0;
				PRODUCT_BUNDLE_IDENTIFIER = dk.simonbs.RunestoneHost;
				PRODUCT_NAME = "$(TARGET_NAME)";
				SUPPORTS_MACCATALYST = YES;
				SUPPORTS_MAC_DESIGNED_FOR_IPHONE_IPAD = NO;
				SWIFT_EMIT_LOC_STRINGS = YES;
				SWIFT_VERSION = 5.0;
				TARGETED_DEVICE_FAMILY = "1,2,6";
			};
			name = Release;
		};
/* End XCBuildConfiguration section */

/* Begin XCConfigurationList section */
		7244DB33290BFDEA007C99B5 /* Build configuration list for PBXNativeTarget "HostUITests" */ = {
			isa = XCConfigurationList;
			buildConfigurations = (
				7244DB31290BFDEA007C99B5 /* Debug */,
				7244DB32290BFDEA007C99B5 /* Release */,
			);
			defaultConfigurationIsVisible = 0;
			defaultConfigurationName = Release;
		};
		ACFDF4A827983BAA00059A1B /* Build configuration list for PBXProject "UITests" */ = {
			isa = XCConfigurationList;
			buildConfigurations = (
				ACFDF4BF27983BAB00059A1B /* Debug */,
				ACFDF4C027983BAB00059A1B /* Release */,
			);
			defaultConfigurationIsVisible = 0;
			defaultConfigurationName = Release;
		};
		ACFDF4C127983BAB00059A1B /* Build configuration list for PBXNativeTarget "Host" */ = {
			isa = XCConfigurationList;
			buildConfigurations = (
				ACFDF4C227983BAB00059A1B /* Debug */,
				ACFDF4C327983BAB00059A1B /* Release */,
			);
			defaultConfigurationIsVisible = 0;
			defaultConfigurationName = Release;
		};
/* End XCConfigurationList section */

/* Begin XCSwiftPackageProductDependency section */
		7216EAC72829A3C6001B6D39 /* RunestoneJavaScriptLanguage */ = {
			isa = XCSwiftPackageProductDependency;
			productName = RunestoneJavaScriptLanguage;
		};
		72AC54802826B2A90037ED21 /* Runestone */ = {
			isa = XCSwiftPackageProductDependency;
			productName = Runestone;
		};
/* End XCSwiftPackageProductDependency section */
	};
	rootObject = ACFDF4A527983BAA00059A1B /* Project object */;
}
