// !$*UTF8*$!
{
	archiveVersion = 1;
	classes = {
	};
	objectVersion = 55;
	objects = {

/* Begin PBXBuildFile section */
		7216EAC82829A3C6001B6D39 /* RunestoneJavaScriptLanguage in Frameworks */ = {isa = PBXBuildFile; productRef = 7216EAC72829A3C6001B6D39 /* RunestoneJavaScriptLanguage */; };
		7216EACA2829A3C6001B6D39 /* RunestoneOneDarkTheme in Frameworks */ = {isa = PBXBuildFile; productRef = 7216EAC92829A3C6001B6D39 /* RunestoneOneDarkTheme */; };
		7216EACC2829A3C6001B6D39 /* RunestonePlainTextTheme in Frameworks */ = {isa = PBXBuildFile; productRef = 7216EACB2829A3C6001B6D39 /* RunestonePlainTextTheme */; };
		7216EACE2829A3C6001B6D39 /* RunestoneTomorrowNightTheme in Frameworks */ = {isa = PBXBuildFile; productRef = 7216EACD2829A3C6001B6D39 /* RunestoneTomorrowNightTheme */; };
		7216EAD02829A3C6001B6D39 /* RunestoneTomorrowTheme in Frameworks */ = {isa = PBXBuildFile; productRef = 7216EACF2829A3C6001B6D39 /* RunestoneTomorrowTheme */; };
		72417DCA2B4E7315009EB32B /* SwiftUIMenuButton.swift in Sources */ = {isa = PBXBuildFile; fileRef = 72417DC92B4E7315009EB32B /* SwiftUIMenuButton.swift */; };
		72417DD02B4E7492009EB32B /* MenuSelectionHandler.swift in Sources */ = {isa = PBXBuildFile; fileRef = 72417DCF2B4E7492009EB32B /* MenuSelectionHandler.swift */; };
		72417DD22B4E74A0009EB32B /* MenuItem.swift in Sources */ = {isa = PBXBuildFile; fileRef = 72417DD12B4E74A0009EB32B /* MenuItem.swift */; };
		72417DD42B4E7645009EB32B /* MenuButton.swift in Sources */ = {isa = PBXBuildFile; fileRef = 72417DD32B4E7645009EB32B /* MenuButton.swift */; };
		72AC54812826B2A90037ED21 /* Runestone in Frameworks */ = {isa = PBXBuildFile; productRef = 72AC54802826B2A90037ED21 /* Runestone */; };
		72D2718229126F190070FA88 /* ProcessInfo+Helpers.swift in Sources */ = {isa = PBXBuildFile; fileRef = 72D2718129126F190070FA88 /* ProcessInfo+Helpers.swift */; };
		AC480601279EE0180015F712 /* BasicCharacterPair.swift in Sources */ = {isa = PBXBuildFile; fileRef = AC480600279EE0180015F712 /* BasicCharacterPair.swift */; };
		AC5F0253279C74A1001D1E43 /* UserDefaults+Helpers.swift in Sources */ = {isa = PBXBuildFile; fileRef = AC5F0252279C74A1001D1E43 /* UserDefaults+Helpers.swift */; };
		AC85537927A83D2000F7916D /* ThemeSetting.swift in Sources */ = {isa = PBXBuildFile; fileRef = AC85537827A83D2000F7916D /* ThemeSetting.swift */; };
		AC85537D27A845BB00F7916D /* CodeSample.swift in Sources */ = {isa = PBXBuildFile; fileRef = AC85537C27A845BB00F7916D /* CodeSample.swift */; };
		AC85537F27A849DF00F7916D /* KeyboardToolsView.swift in Sources */ = {isa = PBXBuildFile; fileRef = AC85537E27A849DF00F7916D /* KeyboardToolsView.swift */; };
		AC85538527A84CF600F7916D /* TextView+Helpers.swift in Sources */ = {isa = PBXBuildFile; fileRef = AC85538427A84CF600F7916D /* TextView+Helpers.swift */; };
		ACB08AD327A8113E00EB6819 /* ThemePickerViewController.swift in Sources */ = {isa = PBXBuildFile; fileRef = ACB08AD227A8113E00EB6819 /* ThemePickerViewController.swift */; };
		ACB08AD527A81ADF00EB6819 /* ThemePickerPreviewCell.swift in Sources */ = {isa = PBXBuildFile; fileRef = ACB08AD427A81ADF00EB6819 /* ThemePickerPreviewCell.swift */; };
		ACFDF4B127983BAA00059A1B /* AppDelegate.swift in Sources */ = {isa = PBXBuildFile; fileRef = ACFDF4B027983BAA00059A1B /* AppDelegate.swift */; };
		ACFDF4B327983BAA00059A1B /* SceneDelegate.swift in Sources */ = {isa = PBXBuildFile; fileRef = ACFDF4B227983BAA00059A1B /* SceneDelegate.swift */; };
		ACFDF4B527983BAA00059A1B /* MainViewController.swift in Sources */ = {isa = PBXBuildFile; fileRef = ACFDF4B427983BAA00059A1B /* MainViewController.swift */; };
		ACFDF4BA27983BAB00059A1B /* Assets.xcassets in Resources */ = {isa = PBXBuildFile; fileRef = ACFDF4B927983BAB00059A1B /* Assets.xcassets */; };
		ACFDF4C527983C2700059A1B /* MainView.swift in Sources */ = {isa = PBXBuildFile; fileRef = ACFDF4C427983C2700059A1B /* MainView.swift */; };
/* End PBXBuildFile section */

/* Begin PBXFileReference section */
		7216EAC62829A16C001B6D39 /* Themes */ = {isa = PBXFileReference; lastKnownFileType = wrapper; path = Themes; sourceTree = "<group>"; };
		72417DC92B4E7315009EB32B /* SwiftUIMenuButton.swift */ = {isa = PBXFileReference; lastKnownFileType = sourcecode.swift; path = SwiftUIMenuButton.swift; sourceTree = "<group>"; };
		72417DCF2B4E7492009EB32B /* MenuSelectionHandler.swift */ = {isa = PBXFileReference; lastKnownFileType = sourcecode.swift; path = MenuSelectionHandler.swift; sourceTree = "<group>"; };
		72417DD12B4E74A0009EB32B /* MenuItem.swift */ = {isa = PBXFileReference; lastKnownFileType = sourcecode.swift; path = MenuItem.swift; sourceTree = "<group>"; };
		72417DD32B4E7645009EB32B /* MenuButton.swift */ = {isa = PBXFileReference; lastKnownFileType = sourcecode.swift; path = MenuButton.swift; sourceTree = "<group>"; };
		7243F9BA282D73E9005AAABF /* Example.entitlements */ = {isa = PBXFileReference; lastKnownFileType = text.plist.entitlements; path = Example.entitlements; sourceTree = "<group>"; };
		72AC54762826B1F00037ED21 /* Languages */ = {isa = PBXFileReference; lastKnownFileType = wrapper; path = Languages; sourceTree = "<group>"; };
		72AC54772826B23D0037ED21 /* Runestone */ = {isa = PBXFileReference; lastKnownFileType = wrapper; name = Runestone; path = ..; sourceTree = "<group>"; };
		72D2718129126F190070FA88 /* ProcessInfo+Helpers.swift */ = {isa = PBXFileReference; lastKnownFileType = sourcecode.swift; path = "ProcessInfo+Helpers.swift"; sourceTree = "<group>"; };
		AC480600279EE0180015F712 /* BasicCharacterPair.swift */ = {isa = PBXFileReference; lastKnownFileType = sourcecode.swift; path = BasicCharacterPair.swift; sourceTree = "<group>"; };
		AC5F0252279C74A1001D1E43 /* UserDefaults+Helpers.swift */ = {isa = PBXFileReference; lastKnownFileType = sourcecode.swift; path = "UserDefaults+Helpers.swift"; sourceTree = "<group>"; };
		AC85537827A83D2000F7916D /* ThemeSetting.swift */ = {isa = PBXFileReference; lastKnownFileType = sourcecode.swift; path = ThemeSetting.swift; sourceTree = "<group>"; };
		AC85537C27A845BB00F7916D /* CodeSample.swift */ = {isa = PBXFileReference; lastKnownFileType = sourcecode.swift; path = CodeSample.swift; sourceTree = "<group>"; };
		AC85537E27A849DF00F7916D /* KeyboardToolsView.swift */ = {isa = PBXFileReference; lastKnownFileType = sourcecode.swift; path = KeyboardToolsView.swift; sourceTree = "<group>"; };
		AC85538427A84CF600F7916D /* TextView+Helpers.swift */ = {isa = PBXFileReference; lastKnownFileType = sourcecode.swift; path = "TextView+Helpers.swift"; sourceTree = "<group>"; };
		ACB08AD227A8113E00EB6819 /* ThemePickerViewController.swift */ = {isa = PBXFileReference; lastKnownFileType = sourcecode.swift; path = ThemePickerViewController.swift; sourceTree = "<group>"; };
		ACB08AD427A81ADF00EB6819 /* ThemePickerPreviewCell.swift */ = {isa = PBXFileReference; lastKnownFileType = sourcecode.swift; path = ThemePickerPreviewCell.swift; sourceTree = "<group>"; };
		ACFDF4AD27983BAA00059A1B /* Example.app */ = {isa = PBXFileReference; explicitFileType = wrapper.application; includeInIndex = 0; path = Example.app; sourceTree = BUILT_PRODUCTS_DIR; };
		ACFDF4B027983BAA00059A1B /* AppDelegate.swift */ = {isa = PBXFileReference; lastKnownFileType = sourcecode.swift; path = AppDelegate.swift; sourceTree = "<group>"; };
		ACFDF4B227983BAA00059A1B /* SceneDelegate.swift */ = {isa = PBXFileReference; lastKnownFileType = sourcecode.swift; path = SceneDelegate.swift; sourceTree = "<group>"; };
		ACFDF4B427983BAA00059A1B /* MainViewController.swift */ = {isa = PBXFileReference; lastKnownFileType = sourcecode.swift; path = MainViewController.swift; sourceTree = "<group>"; };
		ACFDF4B927983BAB00059A1B /* Assets.xcassets */ = {isa = PBXFileReference; lastKnownFileType = folder.assetcatalog; path = Assets.xcassets; sourceTree = "<group>"; };
		ACFDF4BE27983BAB00059A1B /* Info.plist */ = {isa = PBXFileReference; lastKnownFileType = text.plist.xml; path = Info.plist; sourceTree = "<group>"; };
		ACFDF4C427983C2700059A1B /* MainView.swift */ = {isa = PBXFileReference; lastKnownFileType = sourcecode.swift; path = MainView.swift; sourceTree = "<group>"; };
/* End PBXFileReference section */

/* Begin PBXFrameworksBuildPhase section */
		ACFDF4AA27983BAA00059A1B /* Frameworks */ = {
			isa = PBXFrameworksBuildPhase;
			buildActionMask = 2147483647;
			files = (
				7216EACA2829A3C6001B6D39 /* RunestoneOneDarkTheme in Frameworks */,
				72AC54812826B2A90037ED21 /* Runestone in Frameworks */,
				7216EACC2829A3C6001B6D39 /* RunestonePlainTextTheme in Frameworks */,
				7216EAC82829A3C6001B6D39 /* RunestoneJavaScriptLanguage in Frameworks */,
				7216EACE2829A3C6001B6D39 /* RunestoneTomorrowNightTheme in Frameworks */,
				7216EAD02829A3C6001B6D39 /* RunestoneTomorrowTheme in Frameworks */,
			);
			runOnlyForDeploymentPostprocessing = 0;
		};
/* End PBXFrameworksBuildPhase section */

/* Begin PBXGroup section */
		72417DD52B4E7A85009EB32B /* Menu */ = {
			isa = PBXGroup;
			children = (
				72417DC92B4E7315009EB32B /* SwiftUIMenuButton.swift */,
				72417DCF2B4E7492009EB32B /* MenuSelectionHandler.swift */,
				72417DD12B4E74A0009EB32B /* MenuItem.swift */,
				72417DD32B4E7645009EB32B /* MenuButton.swift */,
			);
			path = Menu;
			sourceTree = "<group>";
		};
		72AC54722826B0E40037ED21 /* Packages */ = {
			isa = PBXGroup;
			children = (
				72AC54762826B1F00037ED21 /* Languages */,
				72AC54772826B23D0037ED21 /* Runestone */,
				7216EAC62829A16C001B6D39 /* Themes */,
			);
			name = Packages;
			sourceTree = "<group>";
		};
		AC832D582798C72A00EC6832 /* Application */ = {
			isa = PBXGroup;
			children = (
				ACFDF4B027983BAA00059A1B /* AppDelegate.swift */,
				ACFDF4B227983BAA00059A1B /* SceneDelegate.swift */,
			);
			path = Application;
			sourceTree = "<group>";
		};
		AC832D592798C73300EC6832 /* Main */ = {
			isa = PBXGroup;
			children = (
				72417DD52B4E7A85009EB32B /* Menu */,
				AC85537E27A849DF00F7916D /* KeyboardToolsView.swift */,
				ACFDF4C427983C2700059A1B /* MainView.swift */,
				ACFDF4B427983BAA00059A1B /* MainViewController.swift */,
			);
			path = Main;
			sourceTree = "<group>";
		};
		AC832D5A2798C73B00EC6832 /* Library */ = {
			isa = PBXGroup;
			children = (
				AC480600279EE0180015F712 /* BasicCharacterPair.swift */,
				AC85537C27A845BB00F7916D /* CodeSample.swift */,
				72D2718129126F190070FA88 /* ProcessInfo+Helpers.swift */,
				AC85538427A84CF600F7916D /* TextView+Helpers.swift */,
				AC85537827A83D2000F7916D /* ThemeSetting.swift */,
				AC5F0252279C74A1001D1E43 /* UserDefaults+Helpers.swift */,
			);
			path = Library;
			sourceTree = "<group>";
		};
		ACB08ACF27A8112600EB6819 /* ThemePicker */ = {
			isa = PBXGroup;
			children = (
				ACB08AD427A81ADF00EB6819 /* ThemePickerPreviewCell.swift */,
				ACB08AD227A8113E00EB6819 /* ThemePickerViewController.swift */,
			);
			path = ThemePicker;
			sourceTree = "<group>";
		};
		ACFDF4A427983BAA00059A1B = {
			isa = PBXGroup;
			children = (
				72AC54722826B0E40037ED21 /* Packages */,
				ACFDF4AF27983BAA00059A1B /* Example */,
				ACFDF4AE27983BAA00059A1B /* Products */,
				ACFDF4C827983DA900059A1B /* Frameworks */,
			);
			sourceTree = "<group>";
		};
		ACFDF4AE27983BAA00059A1B /* Products */ = {
			isa = PBXGroup;
			children = (
				ACFDF4AD27983BAA00059A1B /* Example.app */,
			);
			name = Products;
			sourceTree = "<group>";
		};
		ACFDF4AF27983BAA00059A1B /* Example */ = {
			isa = PBXGroup;
			children = (
				7243F9BA282D73E9005AAABF /* Example.entitlements */,
				ACFDF4BE27983BAB00059A1B /* Info.plist */,
				ACFDF4B927983BAB00059A1B /* Assets.xcassets */,
				AC832D582798C72A00EC6832 /* Application */,
				AC832D5A2798C73B00EC6832 /* Library */,
				AC832D592798C73300EC6832 /* Main */,
				ACB08ACF27A8112600EB6819 /* ThemePicker */,
			);
			path = Example;
			sourceTree = "<group>";
		};
		ACFDF4C827983DA900059A1B /* Frameworks */ = {
			isa = PBXGroup;
			children = (
			);
			name = Frameworks;
			sourceTree = "<group>";
		};
/* End PBXGroup section */

/* Begin PBXNativeTarget section */
		ACFDF4AC27983BAA00059A1B /* Example */ = {
			isa = PBXNativeTarget;
			buildConfigurationList = ACFDF4C127983BAB00059A1B /* Build configuration list for PBXNativeTarget "Example" */;
			buildPhases = (
				ACFDF4A927983BAA00059A1B /* Sources */,
				ACFDF4AA27983BAA00059A1B /* Frameworks */,
				ACFDF4AB27983BAA00059A1B /* Resources */,
				ACFDF4CD27983DE500059A1B /* SwiftLint */,
			);
			buildRules = (
			);
			dependencies = (
			);
			name = Example;
			packageProductDependencies = (
				72AC54802826B2A90037ED21 /* Runestone */,
				7216EAC72829A3C6001B6D39 /* RunestoneJavaScriptLanguage */,
				7216EAC92829A3C6001B6D39 /* RunestoneOneDarkTheme */,
				7216EACB2829A3C6001B6D39 /* RunestonePlainTextTheme */,
				7216EACD2829A3C6001B6D39 /* RunestoneTomorrowNightTheme */,
				7216EACF2829A3C6001B6D39 /* RunestoneTomorrowTheme */,
			);
			productName = Example;
			productReference = ACFDF4AD27983BAA00059A1B /* Example.app */;
			productType = "com.apple.product-type.application";
		};
/* End PBXNativeTarget section */

/* Begin PBXProject section */
		ACFDF4A527983BAA00059A1B /* Project object */ = {
			isa = PBXProject;
			attributes = {
				BuildIndependentTargetsInParallel = 1;
				LastSwiftUpdateCheck = 1410;
				LastUpgradeCheck = 1320;
				TargetAttributes = {
					ACFDF4AC27983BAA00059A1B = {
						CreatedOnToolsVersion = 13.2;
					};
				};
			};
			buildConfigurationList = ACFDF4A827983BAA00059A1B /* Build configuration list for PBXProject "Example" */;
			compatibilityVersion = "Xcode 13.0";
			developmentRegion = en;
			hasScannedForEncodings = 0;
			knownRegions = (
				en,
				Base,
			);
			mainGroup = ACFDF4A427983BAA00059A1B;
			packageReferences = (
			);
			productRefGroup = ACFDF4AE27983BAA00059A1B /* Products */;
			projectDirPath = "";
			projectRoot = "";
			targets = (
				ACFDF4AC27983BAA00059A1B /* Example */,
			);
		};
/* End PBXProject section */

/* Begin PBXResourcesBuildPhase section */
		ACFDF4AB27983BAA00059A1B /* Resources */ = {
			isa = PBXResourcesBuildPhase;
			buildActionMask = 2147483647;
			files = (
				ACFDF4BA27983BAB00059A1B /* Assets.xcassets in Resources */,
			);
			runOnlyForDeploymentPostprocessing = 0;
		};
/* End PBXResourcesBuildPhase section */

/* Begin PBXShellScriptBuildPhase section */
		ACFDF4CD27983DE500059A1B /* SwiftLint */ = {
			isa = PBXShellScriptBuildPhase;
			alwaysOutOfDate = 1;
			buildActionMask = 2147483647;
			files = (
			);
			inputFileListPaths = (
			);
			inputPaths = (
			);
			name = SwiftLint;
			outputFileListPaths = (
			);
			outputPaths = (
			);
			runOnlyForDeploymentPostprocessing = 0;
			shellPath = /bin/sh;
			shellScript = "export PATH=\"$PATH:/opt/homebrew/bin\"\nif which swiftlint > /dev/null; then\n  swiftlint lint --config ../.swiftlint.yml\nelse\n  echo \"warning: SwiftLint not installed, download from https://github.com/realm/SwiftLint\"\nfi\n";
		};
/* End PBXShellScriptBuildPhase section */

/* Begin PBXSourcesBuildPhase section */
		ACFDF4A927983BAA00059A1B /* Sources */ = {
			isa = PBXSourcesBuildPhase;
			buildActionMask = 2147483647;
			files = (
				ACFDF4B527983BAA00059A1B /* MainViewController.swift in Sources */,
				ACFDF4C527983C2700059A1B /* MainView.swift in Sources */,
				AC85537F27A849DF00F7916D /* KeyboardToolsView.swift in Sources */,
				ACFDF4B127983BAA00059A1B /* AppDelegate.swift in Sources */,
				ACB08AD327A8113E00EB6819 /* ThemePickerViewController.swift in Sources */,
				ACFDF4B327983BAA00059A1B /* SceneDelegate.swift in Sources */,
				AC85537D27A845BB00F7916D /* CodeSample.swift in Sources */,
				AC85537927A83D2000F7916D /* ThemeSetting.swift in Sources */,
				72417DD02B4E7492009EB32B /* MenuSelectionHandler.swift in Sources */,
				72417DD22B4E74A0009EB32B /* MenuItem.swift in Sources */,
				AC85538527A84CF600F7916D /* TextView+Helpers.swift in Sources */,
				72417DCA2B4E7315009EB32B /* SwiftUIMenuButton.swift in Sources */,
				ACB08AD527A81ADF00EB6819 /* ThemePickerPreviewCell.swift in Sources */,
				72D2718229126F190070FA88 /* ProcessInfo+Helpers.swift in Sources */,
				AC5F0253279C74A1001D1E43 /* UserDefaults+Helpers.swift in Sources */,
				AC480601279EE0180015F712 /* BasicCharacterPair.swift in Sources */,
				72417DD42B4E7645009EB32B /* MenuButton.swift in Sources */,
			);
			runOnlyForDeploymentPostprocessing = 0;
		};
/* End PBXSourcesBuildPhase section */

/* Begin XCBuildConfiguration section */
		ACFDF4BF27983BAB00059A1B /* Debug */ = {
			isa = XCBuildConfiguration;
			buildSettings = {
				ALWAYS_SEARCH_USER_PATHS = NO;
				CLANG_ANALYZER_NONNULL = YES;
				CLANG_ANALYZER_NUMBER_OBJECT_CONVERSION = YES_AGGRESSIVE;
				CLANG_CXX_LANGUAGE_STANDARD = "gnu++17";
				CLANG_CXX_LIBRARY = "libc++";
				CLANG_ENABLE_MODULES = YES;
				CLANG_ENABLE_OBJC_ARC = YES;
				CLANG_ENABLE_OBJC_WEAK = YES;
				CLANG_WARN_BLOCK_CAPTURE_AUTORELEASING = YES;
				CLANG_WARN_BOOL_CONVERSION = YES;
				CLANG_WARN_COMMA = YES;
				CLANG_WARN_CONSTANT_CONVERSION = YES;
				CLANG_WARN_DEPRECATED_OBJC_IMPLEMENTATIONS = YES;
				CLANG_WARN_DIRECT_OBJC_ISA_USAGE = YES_ERROR;
				CLANG_WARN_DOCUMENTATION_COMMENTS = YES;
				CLANG_WARN_EMPTY_BODY = YES;
				CLANG_WARN_ENUM_CONVERSION = YES;
				CLANG_WARN_INFINITE_RECURSION = YES;
				CLANG_WARN_INT_CONVERSION = YES;
				CLANG_WARN_NON_LITERAL_NULL_CONVERSION = YES;
				CLANG_WARN_OBJC_IMPLICIT_RETAIN_SELF = YES;
				CLANG_WARN_OBJC_LITERAL_CONVERSION = YES;
				CLANG_WARN_OBJC_ROOT_CLASS = YES_ERROR;
				CLANG_WARN_QUOTED_INCLUDE_IN_FRAMEWORK_HEADER = YES;
				CLANG_WARN_RANGE_LOOP_ANALYSIS = YES;
				CLANG_WARN_STRICT_PROTOTYPES = YES;
				CLANG_WARN_SUSPICIOUS_MOVE = YES;
				CLANG_WARN_UNGUARDED_AVAILABILITY = YES_AGGRESSIVE;
				CLANG_WARN_UNREACHABLE_CODE = YES;
				CLANG_WARN__DUPLICATE_METHOD_MATCH = YES;
				COPY_PHASE_STRIP = NO;
				DEBUG_INFORMATION_FORMAT = dwarf;
				ENABLE_STRICT_OBJC_MSGSEND = YES;
				ENABLE_TESTABILITY = YES;
				GCC_C_LANGUAGE_STANDARD = gnu11;
				GCC_DYNAMIC_NO_PIC = NO;
				GCC_NO_COMMON_BLOCKS = YES;
				GCC_OPTIMIZATION_LEVEL = 0;
				GCC_PREPROCESSOR_DEFINITIONS = (
					"DEBUG=1",
					"$(inherited)",
				);
				GCC_WARN_64_TO_32_BIT_CONVERSION = YES;
				GCC_WARN_ABOUT_RETURN_TYPE = YES_ERROR;
				GCC_WARN_UNDECLARED_SELECTOR = YES;
				GCC_WARN_UNINITIALIZED_AUTOS = YES_AGGRESSIVE;
				GCC_WARN_UNUSED_FUNCTION = YES;
				GCC_WARN_UNUSED_VARIABLE = YES;
				IPHONEOS_DEPLOYMENT_TARGET = 15.2;
				MTL_ENABLE_DEBUG_INFO = INCLUDE_SOURCE;
				MTL_FAST_MATH = YES;
				ONLY_ACTIVE_ARCH = YES;
				SDKROOT = iphoneos;
				SWIFT_ACTIVE_COMPILATION_CONDITIONS = DEBUG;
				SWIFT_OPTIMIZATION_LEVEL = "-Onone";
			};
			name = Debug;
		};
		ACFDF4C027983BAB00059A1B /* Release */ = {
			isa = XCBuildConfiguration;
			buildSettings = {
				ALWAYS_SEARCH_USER_PATHS = NO;
				CLANG_ANALYZER_NONNULL = YES;
				CLANG_ANALYZER_NUMBER_OBJECT_CONVERSION = YES_AGGRESSIVE;
				CLANG_CXX_LANGUAGE_STANDARD = "gnu++17";
				CLANG_CXX_LIBRARY = "libc++";
				CLANG_ENABLE_MODULES = YES;
				CLANG_ENABLE_OBJC_ARC = YES;
				CLANG_ENABLE_OBJC_WEAK = YES;
				CLANG_WARN_BLOCK_CAPTURE_AUTORELEASING = YES;
				CLANG_WARN_BOOL_CONVERSION = YES;
				CLANG_WARN_COMMA = YES;
				CLANG_WARN_CONSTANT_CONVERSION = YES;
				CLANG_WARN_DEPRECATED_OBJC_IMPLEMENTATIONS = YES;
				CLANG_WARN_DIRECT_OBJC_ISA_USAGE = YES_ERROR;
				CLANG_WARN_DOCUMENTATION_COMMENTS = YES;
				CLANG_WARN_EMPTY_BODY = YES;
				CLANG_WARN_ENUM_CONVERSION = YES;
				CLANG_WARN_INFINITE_RECURSION = YES;
				CLANG_WARN_INT_CONVERSION = YES;
				CLANG_WARN_NON_LITERAL_NULL_CONVERSION = YES;
				CLANG_WARN_OBJC_IMPLICIT_RETAIN_SELF = YES;
				CLANG_WARN_OBJC_LITERAL_CONVERSION = YES;
				CLANG_WARN_OBJC_ROOT_CLASS = YES_ERROR;
				CLANG_WARN_QUOTED_INCLUDE_IN_FRAMEWORK_HEADER = YES;
				CLANG_WARN_RANGE_LOOP_ANALYSIS = YES;
				CLANG_WARN_STRICT_PROTOTYPES = YES;
				CLANG_WARN_SUSPICIOUS_MOVE = YES;
				CLANG_WARN_UNGUARDED_AVAILABILITY = YES_AGGRESSIVE;
				CLANG_WARN_UNREACHABLE_CODE = YES;
				CLANG_WARN__DUPLICATE_METHOD_MATCH = YES;
				COPY_PHASE_STRIP = NO;
				DEBUG_INFORMATION_FORMAT = "dwarf-with-dsym";
				ENABLE_NS_ASSERTIONS = NO;
				ENABLE_STRICT_OBJC_MSGSEND = YES;
				GCC_C_LANGUAGE_STANDARD = gnu11;
				GCC_NO_COMMON_BLOCKS = YES;
				GCC_WARN_64_TO_32_BIT_CONVERSION = YES;
				GCC_WARN_ABOUT_RETURN_TYPE = YES_ERROR;
				GCC_WARN_UNDECLARED_SELECTOR = YES;
				GCC_WARN_UNINITIALIZED_AUTOS = YES_AGGRESSIVE;
				GCC_WARN_UNUSED_FUNCTION = YES;
				GCC_WARN_UNUSED_VARIABLE = YES;
				IPHONEOS_DEPLOYMENT_TARGET = 15.2;
				MTL_ENABLE_DEBUG_INFO = NO;
				MTL_FAST_MATH = YES;
				SDKROOT = iphoneos;
				SWIFT_COMPILATION_MODE = wholemodule;
				SWIFT_OPTIMIZATION_LEVEL = "-O";
				VALIDATE_PRODUCT = YES;
			};
			name = Release;
		};
		ACFDF4C227983BAB00059A1B /* Debug */ = {
			isa = XCBuildConfiguration;
			buildSettings = {
				ASSETCATALOG_COMPILER_APPICON_NAME = AppIcon;
				ASSETCATALOG_COMPILER_GLOBAL_ACCENT_COLOR_NAME = AccentColor;
				CODE_SIGN_ENTITLEMENTS = Example/Example.entitlements;
				CODE_SIGN_STYLE = Automatic;
				CURRENT_PROJECT_VERSION = 1;
				DEVELOPMENT_TEAM = 8NQFWJHC63;
				GENERATE_INFOPLIST_FILE = YES;
				INFOPLIST_FILE = Example/Info.plist;
				INFOPLIST_KEY_UIApplicationSupportsIndirectInputEvents = YES;
				INFOPLIST_KEY_UILaunchScreen_Generation = YES;
				INFOPLIST_KEY_UISupportedInterfaceOrientations_iPad = "UIInterfaceOrientationPortrait UIInterfaceOrientationPortraitUpsideDown UIInterfaceOrientationLandscapeLeft UIInterfaceOrientationLandscapeRight";
				INFOPLIST_KEY_UISupportedInterfaceOrientations_iPhone = "UIInterfaceOrientationPortrait UIInterfaceOrientationLandscapeLeft UIInterfaceOrientationLandscapeRight";
				LD_RUNPATH_SEARCH_PATHS = (
					"$(inherited)",
					"@executable_path/Frameworks",
				);
				MARKETING_VERSION = 1.0;
				PRODUCT_BUNDLE_IDENTIFIER = dk.simonbs.Example;
				PRODUCT_NAME = "$(TARGET_NAME)";
				SUPPORTED_PLATFORMS = "iphoneos iphonesimulator xros xrsimulator";
				SUPPORTS_MACCATALYST = YES;
				SUPPORTS_MAC_DESIGNED_FOR_IPHONE_IPAD = NO;
				SUPPORTS_XR_DESIGNED_FOR_IPHONE_IPAD = NO;
				SWIFT_EMIT_LOC_STRINGS = YES;
				SWIFT_VERSION = 5.0;
				TARGETED_DEVICE_FAMILY = "1,2,6,7";
			};
			name = Debug;
		};
		ACFDF4C327983BAB00059A1B /* Release */ = {
			isa = XCBuildConfiguration;
			buildSettings = {
				ASSETCATALOG_COMPILER_APPICON_NAME = AppIcon;
				ASSETCATALOG_COMPILER_GLOBAL_ACCENT_COLOR_NAME = AccentColor;
				CODE_SIGN_ENTITLEMENTS = Example/Example.entitlements;
				CODE_SIGN_STYLE = Automatic;
				CURRENT_PROJECT_VERSION = 1;
				DEVELOPMENT_TEAM = 8NQFWJHC63;
				GENERATE_INFOPLIST_FILE = YES;
				INFOPLIST_FILE = Example/Info.plist;
				INFOPLIST_KEY_UIApplicationSupportsIndirectInputEvents = YES;
				INFOPLIST_KEY_UILaunchScreen_Generation = YES;
				INFOPLIST_KEY_UISupportedInterfaceOrientations_iPad = "UIInterfaceOrientationPortrait UIInterfaceOrientationPortraitUpsideDown UIInterfaceOrientationLandscapeLeft UIInterfaceOrientationLandscapeRight";
				INFOPLIST_KEY_UISupportedInterfaceOrientations_iPhone = "UIInterfaceOrientationPortrait UIInterfaceOrientationLandscapeLeft UIInterfaceOrientationLandscapeRight";
				LD_RUNPATH_SEARCH_PATHS = (
					"$(inherited)",
					"@executable_path/Frameworks",
				);
				MARKETING_VERSION = 1.0;
				PRODUCT_BUNDLE_IDENTIFIER = dk.simonbs.Example;
				PRODUCT_NAME = "$(TARGET_NAME)";
				SUPPORTED_PLATFORMS = "iphoneos iphonesimulator xros xrsimulator";
				SUPPORTS_MACCATALYST = YES;
				SUPPORTS_MAC_DESIGNED_FOR_IPHONE_IPAD = NO;
				SUPPORTS_XR_DESIGNED_FOR_IPHONE_IPAD = NO;
				SWIFT_EMIT_LOC_STRINGS = YES;
				SWIFT_VERSION = 5.0;
				TARGETED_DEVICE_FAMILY = "1,2,6,7";
			};
			name = Release;
		};
/* End XCBuildConfiguration section */

/* Begin XCConfigurationList section */
		ACFDF4A827983BAA00059A1B /* Build configuration list for PBXProject "Example" */ = {
			isa = XCConfigurationList;
			buildConfigurations = (
				ACFDF4BF27983BAB00059A1B /* Debug */,
				ACFDF4C027983BAB00059A1B /* Release */,
			);
			defaultConfigurationIsVisible = 0;
			defaultConfigurationName = Release;
		};
		ACFDF4C127983BAB00059A1B /* Build configuration list for PBXNativeTarget "Example" */ = {
			isa = XCConfigurationList;
			buildConfigurations = (
				ACFDF4C227983BAB00059A1B /* Debug */,
				ACFDF4C327983BAB00059A1B /* Release */,
			);
			defaultConfigurationIsVisible = 0;
			defaultConfigurationName = Release;
		};
/* End XCConfigurationList section */

/* Begin XCSwiftPackageProductDependency section */
		7216EAC72829A3C6001B6D39 /* RunestoneJavaScriptLanguage */ = {
			isa = XCSwiftPackageProductDependency;
			productName = RunestoneJavaScriptLanguage;
		};
		7216EAC92829A3C6001B6D39 /* RunestoneOneDarkTheme */ = {
			isa = XCSwiftPackageProductDependency;
			productName = RunestoneOneDarkTheme;
		};
		7216EACB2829A3C6001B6D39 /* RunestonePlainTextTheme */ = {
			isa = XCSwiftPackageProductDependency;
			productName = RunestonePlainTextTheme;
		};
		7216EACD2829A3C6001B6D39 /* RunestoneTomorrowNightTheme */ = {
			isa = XCSwiftPackageProductDependency;
			productName = RunestoneTomorrowNightTheme;
		};
		7216EACF2829A3C6001B6D39 /* RunestoneTomorrowTheme */ = {
			isa = XCSwiftPackageProductDependency;
			productName = RunestoneTomorrowTheme;
		};
		72AC54802826B2A90037ED21 /* Runestone */ = {
			isa = XCSwiftPackageProductDependency;
			productName = Runestone;
		};
/* End XCSwiftPackageProductDependency section */
	};
	rootObject = ACFDF4A527983BAA00059A1B /* Project object */;
}
