{
  "object": {
    "pins": [
      {
        "package": "TreeSitterLanguages",
        "repositoryURL": "https://github.com/simonbs/TreeSitterLanguages",
        "state": {
          "branch": "main",
          "revision": "a7c2fd06df11cf3301ba2ee1cb1fd9960a718b58",
          "version": null
        }
      }
    ]
  },
  "version": 1
}
